schema: '2.0'
stages:
  data_ingestion:
    cmd: python src/cnnClassifier/pipeline/stage_01_data_ingestion.py
    deps:
    - path: config/config.yaml
      md5: 7b9a355970180fac30a7a0308e37715a
      size: 813
    - path: src/cnnClassifier/pipeline/stage_01_data_ingestion.py
      md5: a9d309456316e1affabb9c072d5988ac
      size: 904
    outs:
    - path: artifacts/data_ingestion/Chicken-fecal-images
      md5: 9e1f8dd2eae3c29e9d635df89d438ae4.dir
      size: 12207807
      nfiles: 390
  prepare_base_model:
    cmd: python src/cnnClassifier/pipeline/stage_02_prepare_base_model.py
    deps:
    - path: config/config.yaml
      md5: 7b9a355970180fac30a7a0308e37715a
      size: 813
    - path: src/cnnClassifier/pipeline/stage_02_prepare_base_model.py
      md5: c0a3ece28f1e771072801ec3c8421baa
      size: 993
    params:
      params.yaml:
        CLASSES: 2
        IMAGE_SIZE:
        - 224
        - 224
        - 3
        INCLUDE_TOP: false
        LEARNING_RATE: 0.01
        WEIGHTS: imagenet
    outs:
    - path: artifacts/prepare_base_model
      md5: 5ed19912220ad4990d2396daa27e9553.dir
      size: 118054560
      nfiles: 2
  training:
    cmd: python src/cnnClassifier/pipeline/stage_03_training.py
    deps:
    - path: artifacts/data_ingestion/Chicken-fecal-images
      md5: 9e1f8dd2eae3c29e9d635df89d438ae4.dir
      size: 12207807
      nfiles: 390
    - path: artifacts/prepare_base_model
      md5: 5ed19912220ad4990d2396daa27e9553.dir
      size: 118054560
      nfiles: 2
    - path: config/config.yaml
      md5: 7b9a355970180fac30a7a0308e37715a
      size: 813
    - path: src/cnnClassifier/components/prepare_callbacks.py
      md5: 319455b17a9df313265762981b337b99
      size: 1004
    - path: src/cnnClassifier/pipeline/stage_03_training.py
      md5: 9ce904e892e336e32605f962ba3aae9f
      size: 1260
    params:
      params.yaml:
        AUGMENTATION: true
        BATCH_SIZE: 16
        EPOCHS: 1
        IMAGE_SIZE:
        - 224
        - 224
        - 3
    outs:
    - path: artifacts/training/model.h5
      md5: 0f08cb2ebf7f158dfa850fde30568270
      size: 59337520
  evaluation:
    cmd: python src/cnnClassifier/pipeline/stage_04_evaluation.py
    deps:
    - path: artifacts/data_ingestion/Chicken-fecal-images
      md5: 9e1f8dd2eae3c29e9d635df89d438ae4.dir
      size: 12207807
      nfiles: 390
    - path: artifacts/training/model.h5
      md5: 0f08cb2ebf7f158dfa850fde30568270
      size: 59337520
    - path: config/config.yaml
      md5: 7b9a355970180fac30a7a0308e37715a
      size: 813
    - path: src/cnnClassifier/pipeline/stage_04_evaluation.py
      md5: e84f2e2376034d569c7b0cc705518f2b
      size: 879
    params:
      params.yaml:
        BATCH_SIZE: 16
        IMAGE_SIZE:
        - 224
        - 224
        - 3
    outs:
    - path: scores.json
      md5: 0a9ab089e11db8b552b2a7b93bd36746
      size: 58
